
Microsoft Visual Studio Solution File, Format Version 12.00
# Visual Studio Version 17
VisualStudioVersion = 17.2.32630.192
MinimumVisualStudioVersion = 10.0.40219.1
Project("{9A19103F-16F7-4668-BE54-9A1E7A4F7556}") = "WebApp", "WebApp\WebApp.csproj", "{DB8D5CC4-4ECE-4A3F-BD9D-03F99DB3A795}"
EndProject
Global
	GlobalSection(SolutionConfigurationPlatforms) = preSolution
		Debug|Any CPU = Debug|Any CPU
		Release|Any CPU = Release|Any CPU
	EndGlobalSection
	GlobalSection(ProjectConfigurationPlatforms) = postSolution
		{DB8D5CC4-4ECE-4A3F-BD9D-03F99DB3A795}.Debug|Any CPU.ActiveCfg = Debug|Any CPU
		{DB8D5CC4-4ECE-4A3F-BD9D-03F99DB3A795}.Debug|Any CPU.Build.0 = Debug|Any CPU
		{DB8D5CC4-4ECE-4A3F-BD9D-03F99DB3A795}.Release|Any CPU.ActiveCfg = Release|Any CPU
		{DB8D5CC4-4ECE-4A3F-BD9D-03F99DB3A795}.Release|Any CPU.Build.0 = Release|Any CPU
	EndGlobalSection
	GlobalSection(SolutionProperties) = preSolution
		HideSolutionNode = FALSE
	EndGlobalSection
	GlobalSection(ExtensibilityGlobals) = postSolution
		SolutionGuid = {731B8F3E-AE5B-42A9-9F1B-7C6931E2AC4F}
	EndGlobalSection
EndGlobal
